# This file is automatically @generated by Cargo.
# It is not intended for manual editing.
version = 3

[[package]]
name = "grip"
version = "0.1.0"
dependencies = [
 "pervasives",
]

[[package]]
name = "pervasives"
version = "0.1.0"
source = "git+https://github.com/rajatsharma/pervasives#ffb888eb3382cc0dce18ea3cd83164df07d607d7"
